
Microsoft Visual Studio Solution File, Format Version 12.00
# Visual Studio Version 17
VisualStudioVersion = 17.1.32421.90
MinimumVisualStudioVersion = 10.0.40219.1
Project("{FAE04EC0-301F-11D3-BF4B-00C04F79EFBC}") = "Objectium", "Objectium\Objectium.csproj", "{2977F1F6-E5DA-4FCE-A318-8FF36D8650D9}"
EndProject
Global
	GlobalSection(SolutionConfigurationPlatforms) = preSolution
		Debug|Any CPU = Debug|Any CPU
		Release|Any CPU = Release|Any CPU
	EndGlobalSection
	GlobalSection(ProjectConfigurationPlatforms) = postSolution
		{2977F1F6-E5DA-4FCE-A318-8FF36D8650D9}.Debug|Any CPU.ActiveCfg = Debug|Any CPU
		{2977F1F6-E5DA-4FCE-A318-8FF36D8650D9}.Debug|Any CPU.Build.0 = Debug|Any CPU
		{2977F1F6-E5DA-4FCE-A318-8FF36D8650D9}.Release|Any CPU.ActiveCfg = Release|Any CPU
		{2977F1F6-E5DA-4FCE-A318-8FF36D8650D9}.Release|Any CPU.Build.0 = Release|Any CPU
	EndGlobalSection
	GlobalSection(SolutionProperties) = preSolution
		HideSolutionNode = FALSE
	EndGlobalSection
	GlobalSection(ExtensibilityGlobals) = postSolution
		SolutionGuid = {E2FE4B6E-F1FF-4815-B556-21808CA8BE88}
	EndGlobalSection
EndGlobal
